// !$*UTF8*$!
{
	archiveVersion = 1;
	classes = {
	};
	objectVersion = 46;
	objects = {

/* Begin PBXBuildFile section */
		532B89851612182F00D44E0A /* Cocoa.framework in Frameworks */ = {isa = PBXBuildFile; fileRef = 532B89841612182F00D44E0A /* Cocoa.framework */; };
		532B898F1612182F00D44E0A /* InfoPlist.strings in Resources */ = {isa = PBXBuildFile; fileRef = 532B898D1612182F00D44E0A /* InfoPlist.strings */; };
		532B89911612182F00D44E0A /* main.m in Sources */ = {isa = PBXBuildFile; fileRef = 532B89901612182F00D44E0A /* main.m */; };
		532B89951612182F00D44E0A /* Credits.rtf in Resources */ = {isa = PBXBuildFile; fileRef = 532B89931612182F00D44E0A /* Credits.rtf */; };
		532B89981612182F00D44E0A /* AppDelegate.m in Sources */ = {isa = PBXBuildFile; fileRef = 532B89971612182F00D44E0A /* AppDelegate.m */; };
		532B899B1612182F00D44E0A /* MainMenu.xib in Resources */ = {isa = PBXBuildFile; fileRef = 532B89991612182F00D44E0A /* MainMenu.xib */; };
		532B89A31612184D00D44E0A /* SignalSource.m in Sources */ = {isa = PBXBuildFile; fileRef = 532B89A21612184D00D44E0A /* SignalSource.m */; };
		532B89A61612185C00D44E0A /* ChannelMemory.m in Sources */ = {isa = PBXBuildFile; fileRef = 532B89A51612185C00D44E0A /* ChannelMemory.m */; };
		532B89A91612186A00D44E0A /* SettingsMemory.m in Sources */ = {isa = PBXBuildFile; fileRef = 532B89A81612186A00D44E0A /* SettingsMemory.m */; };
		532B89AC16121BD400D44E0A /* ScreenView.m in Sources */ = {isa = PBXBuildFile; fileRef = 532B89AB16121BD400D44E0A /* ScreenView.m */; };
		532B89AF16121C1600D44E0A /* RemoteController.m in Sources */ = {isa = PBXBuildFile; fileRef = 532B89AE16121C1600D44E0A /* RemoteController.m */; };
		532B89B1161221DD00D44E0A /* powerButton.gif in Resources */ = {isa = PBXBuildFile; fileRef = 532B89B0161221DD00D44E0A /* powerButton.gif */; };
		532B89B41612232F00D44E0A /* TVControls.m in Sources */ = {isa = PBXBuildFile; fileRef = 532B89B31612232F00D44E0A /* TVControls.m */; };
		532B89B7161224DB00D44E0A /* InternalController.m in Sources */ = {isa = PBXBuildFile; fileRef = 532B89B6161224DB00D44E0A /* InternalController.m */; };
		532B89B916122A9300D44E0A /* MacStartUp.mp3 in Resources */ = {isa = PBXBuildFile; fileRef = 532B89B816122A9300D44E0A /* MacStartUp.mp3 */; };
		534035FB16130E3800E7CBB1 /* MenuView.m in Sources */ = {isa = PBXBuildFile; fileRef = 534035FA16130E3800E7CBB1 /* MenuView.m */; };
		53A6D9CB161231EF0018DFF9 /* options_key.png in Resources */ = {isa = PBXBuildFile; fileRef = 53A6D9CA161231EF0018DFF9 /* options_key.png */; };
		53A6D9CE1612436E0018DFF9 /* channels.txt in Resources */ = {isa = PBXBuildFile; fileRef = 53A6D9CD1612436E0018DFF9 /* channels.txt */; };
/* End PBXBuildFile section */

/* Begin PBXFileReference section */
		532B89801612182F00D44E0A /* TVemulator.app */ = {isa = PBXFileReference; explicitFileType = wrapper.application; includeInIndex = 0; path = TVemulator.app; sourceTree = BUILT_PRODUCTS_DIR; };
		532B89841612182F00D44E0A /* Cocoa.framework */ = {isa = PBXFileReference; lastKnownFileType = wrapper.framework; name = Cocoa.framework; path = System/Library/Frameworks/Cocoa.framework; sourceTree = SDKROOT; };
		532B89871612182F00D44E0A /* AppKit.framework */ = {isa = PBXFileReference; lastKnownFileType = wrapper.framework; name = AppKit.framework; path = System/Library/Frameworks/AppKit.framework; sourceTree = SDKROOT; };
		532B89881612182F00D44E0A /* CoreData.framework */ = {isa = PBXFileReference; lastKnownFileType = wrapper.framework; name = CoreData.framework; path = System/Library/Frameworks/CoreData.framework; sourceTree = SDKROOT; };
		532B89891612182F00D44E0A /* Foundation.framework */ = {isa = PBXFileReference; lastKnownFileType = wrapper.framework; name = Foundation.framework; path = System/Library/Frameworks/Foundation.framework; sourceTree = SDKROOT; };
		532B898C1612182F00D44E0A /* TVemulator-Info.plist */ = {isa = PBXFileReference; lastKnownFileType = text.plist.xml; path = "TVemulator-Info.plist"; sourceTree = "<group>"; };
		532B898E1612182F00D44E0A /* en */ = {isa = PBXFileReference; lastKnownFileType = text.plist.strings; name = en; path = en.lproj/InfoPlist.strings; sourceTree = "<group>"; };
		532B89901612182F00D44E0A /* main.m */ = {isa = PBXFileReference; lastKnownFileType = sourcecode.c.objc; path = main.m; sourceTree = "<group>"; };
		532B89921612182F00D44E0A /* TVemulator-Prefix.pch */ = {isa = PBXFileReference; lastKnownFileType = sourcecode.c.h; path = "TVemulator-Prefix.pch"; sourceTree = "<group>"; };
		532B89941612182F00D44E0A /* en */ = {isa = PBXFileReference; lastKnownFileType = text.rtf; name = en; path = en.lproj/Credits.rtf; sourceTree = "<group>"; };
		532B89961612182F00D44E0A /* AppDelegate.h */ = {isa = PBXFileReference; lastKnownFileType = sourcecode.c.h; path = AppDelegate.h; sourceTree = "<group>"; };
		532B89971612182F00D44E0A /* AppDelegate.m */ = {isa = PBXFileReference; lastKnownFileType = sourcecode.c.objc; path = AppDelegate.m; sourceTree = "<group>"; };
		532B899A1612182F00D44E0A /* en */ = {isa = PBXFileReference; lastKnownFileType = file.xib; name = en; path = en.lproj/MainMenu.xib; sourceTree = "<group>"; };
		532B89A11612184D00D44E0A /* SignalSource.h */ = {isa = PBXFileReference; fileEncoding = 4; lastKnownFileType = sourcecode.c.h; path = SignalSource.h; sourceTree = "<group>"; };
		532B89A21612184D00D44E0A /* SignalSource.m */ = {isa = PBXFileReference; fileEncoding = 4; lastKnownFileType = sourcecode.c.objc; path = SignalSource.m; sourceTree = "<group>"; };
		532B89A41612185C00D44E0A /* ChannelMemory.h */ = {isa = PBXFileReference; fileEncoding = 4; lastKnownFileType = sourcecode.c.h; path = ChannelMemory.h; sourceTree = "<group>"; };
		532B89A51612185C00D44E0A /* ChannelMemory.m */ = {isa = PBXFileReference; fileEncoding = 4; lastKnownFileType = sourcecode.c.objc; path = ChannelMemory.m; sourceTree = "<group>"; };
		532B89A71612186A00D44E0A /* SettingsMemory.h */ = {isa = PBXFileReference; fileEncoding = 4; lastKnownFileType = sourcecode.c.h; path = SettingsMemory.h; sourceTree = "<group>"; };
		532B89A81612186A00D44E0A /* SettingsMemory.m */ = {isa = PBXFileReference; fileEncoding = 4; lastKnownFileType = sourcecode.c.objc; path = SettingsMemory.m; sourceTree = "<group>"; };
		532B89AA16121BD400D44E0A /* ScreenView.h */ = {isa = PBXFileReference; fileEncoding = 4; lastKnownFileType = sourcecode.c.h; path = ScreenView.h; sourceTree = "<group>"; };
		532B89AB16121BD400D44E0A /* ScreenView.m */ = {isa = PBXFileReference; fileEncoding = 4; lastKnownFileType = sourcecode.c.objc; path = ScreenView.m; sourceTree = "<group>"; };
		532B89AD16121C1600D44E0A /* RemoteController.h */ = {isa = PBXFileReference; fileEncoding = 4; lastKnownFileType = sourcecode.c.h; path = RemoteController.h; sourceTree = "<group>"; };
		532B89AE16121C1600D44E0A /* RemoteController.m */ = {isa = PBXFileReference; fileEncoding = 4; lastKnownFileType = sourcecode.c.objc; path = RemoteController.m; sourceTree = "<group>"; };
		532B89B0161221DD00D44E0A /* powerButton.gif */ = {isa = PBXFileReference; lastKnownFileType = image.gif; path = powerButton.gif; sourceTree = "<group>"; };
		532B89B21612232F00D44E0A /* TVControls.h */ = {isa = PBXFileReference; fileEncoding = 4; lastKnownFileType = sourcecode.c.h; path = TVControls.h; sourceTree = "<group>"; };
		532B89B31612232F00D44E0A /* TVControls.m */ = {isa = PBXFileReference; fileEncoding = 4; lastKnownFileType = sourcecode.c.objc; path = TVControls.m; sourceTree = "<group>"; };
		532B89B5161224DB00D44E0A /* InternalController.h */ = {isa = PBXFileReference; fileEncoding = 4; lastKnownFileType = sourcecode.c.h; path = InternalController.h; sourceTree = "<group>"; };
		532B89B6161224DB00D44E0A /* InternalController.m */ = {isa = PBXFileReference; fileEncoding = 4; lastKnownFileType = sourcecode.c.objc; path = InternalController.m; sourceTree = "<group>"; };
		532B89B816122A9300D44E0A /* MacStartUp.mp3 */ = {isa = PBXFileReference; lastKnownFileType = audio.mp3; path = MacStartUp.mp3; sourceTree = "<group>"; };
		534035F916130E3800E7CBB1 /* MenuView.h */ = {isa = PBXFileReference; fileEncoding = 4; lastKnownFileType = sourcecode.c.h; path = MenuView.h; sourceTree = "<group>"; };
		534035FA16130E3800E7CBB1 /* MenuView.m */ = {isa = PBXFileReference; fileEncoding = 4; lastKnownFileType = sourcecode.c.objc; path = MenuView.m; sourceTree = "<group>"; };
		53A6D9CA161231EF0018DFF9 /* options_key.png */ = {isa = PBXFileReference; lastKnownFileType = image.png; path = options_key.png; sourceTree = "<group>"; };
		53A6D9CD1612436E0018DFF9 /* channels.txt */ = {isa = PBXFileReference; fileEncoding = 4; lastKnownFileType = text; path = channels.txt; sourceTree = "<group>"; };
/* End PBXFileReference section */

/* Begin PBXFrameworksBuildPhase section */
		532B897D1612182F00D44E0A /* Frameworks */ = {
			isa = PBXFrameworksBuildPhase;
			buildActionMask = 2147483647;
			files = (
				532B89851612182F00D44E0A /* Cocoa.framework in Frameworks */,
			);
			runOnlyForDeploymentPostprocessing = 0;
		};
/* End PBXFrameworksBuildPhase section */

/* Begin PBXGroup section */
		532B89751612182F00D44E0A = {
			isa = PBXGroup;
			children = (
				532B898A1612182F00D44E0A /* TVemulator */,
				532B89831612182F00D44E0A /* Frameworks */,
				532B89811612182F00D44E0A /* Products */,
			);
			sourceTree = "<group>";
		};
		532B89811612182F00D44E0A /* Products */ = {
			isa = PBXGroup;
			children = (
				532B89801612182F00D44E0A /* TVemulator.app */,
			);
			name = Products;
			sourceTree = "<group>";
		};
		532B89831612182F00D44E0A /* Frameworks */ = {
			isa = PBXGroup;
			children = (
				532B89841612182F00D44E0A /* Cocoa.framework */,
				532B89861612182F00D44E0A /* Other Frameworks */,
			);
			name = Frameworks;
			sourceTree = "<group>";
		};
		532B89861612182F00D44E0A /* Other Frameworks */ = {
			isa = PBXGroup;
			children = (
				532B89871612182F00D44E0A /* AppKit.framework */,
				532B89881612182F00D44E0A /* CoreData.framework */,
				532B89891612182F00D44E0A /* Foundation.framework */,
			);
			name = "Other Frameworks";
			sourceTree = "<group>";
		};
		532B898A1612182F00D44E0A /* TVemulator */ = {
			isa = PBXGroup;
			children = (
				53A6D9CF161248E20018DFF9 /* Resources */,
				532B89961612182F00D44E0A /* AppDelegate.h */,
				532B89971612182F00D44E0A /* AppDelegate.m */,
				532B89991612182F00D44E0A /* MainMenu.xib */,
				532B898B1612182F00D44E0A /* Supporting Files */,
				532B89A11612184D00D44E0A /* SignalSource.h */,
				532B89A21612184D00D44E0A /* SignalSource.m */,
				532B89A41612185C00D44E0A /* ChannelMemory.h */,
				532B89A51612185C00D44E0A /* ChannelMemory.m */,
				532B89A71612186A00D44E0A /* SettingsMemory.h */,
				532B89A81612186A00D44E0A /* SettingsMemory.m */,
				532B89AA16121BD400D44E0A /* ScreenView.h */,
				532B89AB16121BD400D44E0A /* ScreenView.m */,
				532B89AD16121C1600D44E0A /* RemoteController.h */,
				532B89AE16121C1600D44E0A /* RemoteController.m */,
				532B89B21612232F00D44E0A /* TVControls.h */,
				532B89B31612232F00D44E0A /* TVControls.m */,
				532B89B5161224DB00D44E0A /* InternalController.h */,
				532B89B6161224DB00D44E0A /* InternalController.m */,
				534035F916130E3800E7CBB1 /* MenuView.h */,
				534035FA16130E3800E7CBB1 /* MenuView.m */,
			);
			path = TVemulator;
			sourceTree = "<group>";
		};
		532B898B1612182F00D44E0A /* Supporting Files */ = {
			isa = PBXGroup;
			children = (
				532B898C1612182F00D44E0A /* TVemulator-Info.plist */,
				532B898D1612182F00D44E0A /* InfoPlist.strings */,
				532B89901612182F00D44E0A /* main.m */,
				532B89921612182F00D44E0A /* TVemulator-Prefix.pch */,
				532B89931612182F00D44E0A /* Credits.rtf */,
			);
			name = "Supporting Files";
			sourceTree = "<group>";
		};
		53A6D9CF161248E20018DFF9 /* Resources */ = {
			isa = PBXGroup;
			children = (
				53A6D9CD1612436E0018DFF9 /* channels.txt */,
				53A6D9CA161231EF0018DFF9 /* options_key.png */,
				532B89B0161221DD00D44E0A /* powerButton.gif */,
				532B89B816122A9300D44E0A /* MacStartUp.mp3 */,
			);
			name = Resources;
			sourceTree = "<group>";
		};
/* End PBXGroup section */

/* Begin PBXNativeTarget section */
		532B897F1612182F00D44E0A /* TVemulator */ = {
			isa = PBXNativeTarget;
			buildConfigurationList = 532B899E1612182F00D44E0A /* Build configuration list for PBXNativeTarget "TVemulator" */;
			buildPhases = (
				532B897C1612182F00D44E0A /* Sources */,
				532B897D1612182F00D44E0A /* Frameworks */,
				532B897E1612182F00D44E0A /* Resources */,
			);
			buildRules = (
			);
			dependencies = (
			);
			name = TVemulator;
			productName = TVemulator;
			productReference = 532B89801612182F00D44E0A /* TVemulator.app */;
			productType = "com.apple.product-type.application";
		};
/* End PBXNativeTarget section */

/* Begin PBXProject section */
		532B89771612182F00D44E0A /* Project object */ = {
			isa = PBXProject;
			attributes = {
				LastUpgradeCheck = 0450;
				ORGANIZATIONNAME = "Sema Belokovsky";
			};
			buildConfigurationList = 532B897A1612182F00D44E0A /* Build configuration list for PBXProject "TVemulator" */;
			compatibilityVersion = "Xcode 3.2";
			developmentRegion = English;
			hasScannedForEncodings = 0;
			knownRegions = (
				en,
			);
			mainGroup = 532B89751612182F00D44E0A;
			productRefGroup = 532B89811612182F00D44E0A /* Products */;
			projectDirPath = "";
			projectRoot = "";
			targets = (
				532B897F1612182F00D44E0A /* TVemulator */,
			);
		};
/* End PBXProject section */

/* Begin PBXResourcesBuildPhase section */
		532B897E1612182F00D44E0A /* Resources */ = {
			isa = PBXResourcesBuildPhase;
			buildActionMask = 2147483647;
			files = (
				532B898F1612182F00D44E0A /* InfoPlist.strings in Resources */,
				532B89951612182F00D44E0A /* Credits.rtf in Resources */,
				532B899B1612182F00D44E0A /* MainMenu.xib in Resources */,
				532B89B1161221DD00D44E0A /* powerButton.gif in Resources */,
				532B89B916122A9300D44E0A /* MacStartUp.mp3 in Resources */,
				53A6D9CB161231EF0018DFF9 /* options_key.png in Resources */,
				53A6D9CE1612436E0018DFF9 /* channels.txt in Resources */,
			);
			runOnlyForDeploymentPostprocessing = 0;
		};
/* End PBXResourcesBuildPhase section */

/* Begin PBXSourcesBuildPhase section */
		532B897C1612182F00D44E0A /* Sources */ = {
			isa = PBXSourcesBuildPhase;
			buildActionMask = 2147483647;
			files = (
				532B89911612182F00D44E0A /* main.m in Sources */,
				532B89981612182F00D44E0A /* AppDelegate.m in Sources */,
				532B89A31612184D00D44E0A /* SignalSource.m in Sources */,
				532B89A61612185C00D44E0A /* ChannelMemory.m in Sources */,
				532B89A91612186A00D44E0A /* SettingsMemory.m in Sources */,
				532B89AC16121BD400D44E0A /* ScreenView.m in Sources */,
				532B89AF16121C1600D44E0A /* RemoteController.m in Sources */,
				532B89B41612232F00D44E0A /* TVControls.m in Sources */,
				532B89B7161224DB00D44E0A /* InternalController.m in Sources */,
				534035FB16130E3800E7CBB1 /* MenuView.m in Sources */,
			);
			runOnlyForDeploymentPostprocessing = 0;
		};
/* End PBXSourcesBuildPhase section */

/* Begin PBXVariantGroup section */
		532B898D1612182F00D44E0A /* InfoPlist.strings */ = {
			isa = PBXVariantGroup;
			children = (
				532B898E1612182F00D44E0A /* en */,
			);
			name = InfoPlist.strings;
			sourceTree = "<group>";
		};
		532B89931612182F00D44E0A /* Credits.rtf */ = {
			isa = PBXVariantGroup;
			children = (
				532B89941612182F00D44E0A /* en */,
			);
			name = Credits.rtf;
			sourceTree = "<group>";
		};
		532B89991612182F00D44E0A /* MainMenu.xib */ = {
			isa = PBXVariantGroup;
			children = (
				532B899A1612182F00D44E0A /* en */,
			);
			name = MainMenu.xib;
			sourceTree = "<group>";
		};
/* End PBXVariantGroup section */

/* Begin XCBuildConfiguration section */
		532B899C1612182F00D44E0A /* Debug */ = {
			isa = XCBuildConfiguration;
			buildSettings = {
				ALWAYS_SEARCH_USER_PATHS = NO;
				ARCHS = "$(ARCHS_STANDARD_64_BIT)";
				CLANG_CXX_LANGUAGE_STANDARD = "gnu++0x";
				CLANG_CXX_LIBRARY = "libc++";
				CLANG_WARN_EMPTY_BODY = YES;
				CLANG_WARN__DUPLICATE_METHOD_MATCH = YES;
				COPY_PHASE_STRIP = NO;
				GCC_C_LANGUAGE_STANDARD = gnu99;
				GCC_DYNAMIC_NO_PIC = NO;
				GCC_ENABLE_OBJC_EXCEPTIONS = YES;
				GCC_OPTIMIZATION_LEVEL = 0;
				GCC_PREPROCESSOR_DEFINITIONS = (
					"DEBUG=1",
					"$(inherited)",
				);
				GCC_SYMBOLS_PRIVATE_EXTERN = NO;
				GCC_WARN_64_TO_32_BIT_CONVERSION = YES;
				GCC_WARN_ABOUT_RETURN_TYPE = YES;
				GCC_WARN_UNINITIALIZED_AUTOS = YES;
				GCC_WARN_UNUSED_VARIABLE = YES;
				MACOSX_DEPLOYMENT_TARGET = 10.7;
				ONLY_ACTIVE_ARCH = YES;
				SDKROOT = macosx;
			};
			name = Debug;
		};
		532B899D1612182F00D44E0A /* Release */ = {
			isa = XCBuildConfiguration;
			buildSettings = {
				ALWAYS_SEARCH_USER_PATHS = NO;
				ARCHS = "$(ARCHS_STANDARD_64_BIT)";
				CLANG_CXX_LANGUAGE_STANDARD = "gnu++0x";
				CLANG_CXX_LIBRARY = "libc++";
				CLANG_WARN_EMPTY_BODY = YES;
				CLANG_WARN__DUPLICATE_METHOD_MATCH = YES;
				COPY_PHASE_STRIP = YES;
				DEBUG_INFORMATION_FORMAT = "dwarf-with-dsym";
				GCC_C_LANGUAGE_STANDARD = gnu99;
				GCC_ENABLE_OBJC_EXCEPTIONS = YES;
				GCC_WARN_64_TO_32_BIT_CONVERSION = YES;
				GCC_WARN_ABOUT_RETURN_TYPE = YES;
				GCC_WARN_UNINITIALIZED_AUTOS = YES;
				GCC_WARN_UNUSED_VARIABLE = YES;
				MACOSX_DEPLOYMENT_TARGET = 10.7;
				SDKROOT = macosx;
			};
			name = Release;
		};
		532B899F1612182F00D44E0A /* Debug */ = {
			isa = XCBuildConfiguration;
			buildSettings = {
				COMBINE_HIDPI_IMAGES = YES;
				GCC_PRECOMPILE_PREFIX_HEADER = YES;
				GCC_PREFIX_HEADER = "TVemulator/TVemulator-Prefix.pch";
				INFOPLIST_FILE = "TVemulator/TVemulator-Info.plist";
				PRODUCT_NAME = "$(TARGET_NAME)";
				WRAPPER_EXTENSION = app;
			};
			name = Debug;
		};
		532B89A01612182F00D44E0A /* Release */ = {
			isa = XCBuildConfiguration;
			buildSettings = {
				COMBINE_HIDPI_IMAGES = YES;
				GCC_PRECOMPILE_PREFIX_HEADER = YES;
				GCC_PREFIX_HEADER = "TVemulator/TVemulator-Prefix.pch";
				INFOPLIST_FILE = "TVemulator/TVemulator-Info.plist";
				PRODUCT_NAME = "$(TARGET_NAME)";
				WRAPPER_EXTENSION = app;
			};
			name = Release;
		};
/* End XCBuildConfiguration section */

/* Begin XCConfigurationList section */
		532B897A1612182F00D44E0A /* Build configuration list for PBXProject "TVemulator" */ = {
			isa = XCConfigurationList;
			buildConfigurations = (
				532B899C1612182F00D44E0A /* Debug */,
				532B899D1612182F00D44E0A /* Release */,
			);
			defaultConfigurationIsVisible = 0;
			defaultConfigurationName = Release;
		};
		532B899E1612182F00D44E0A /* Build configuration list for PBXNativeTarget "TVemulator" */ = {
			isa = XCConfigurationList;
			buildConfigurations = (
				532B899F1612182F00D44E0A /* Debug */,
				532B89A01612182F00D44E0A /* Release */,
			);
			defaultConfigurationIsVisible = 0;
			defaultConfigurationName = Release;
		};
/* End XCConfigurationList section */
	};
	rootObject = 532B89771612182F00D44E0A /* Project object */;
}
